# This file was autogenerated by Stack.
# You should not edit this file by hand.
# For more information, please see the documentation at:
#   https://docs.haskellstack.org/en/stable/topics/lock_files

packages:
- completed:
    commit: 65d86938a507f70f04aa9c72c1b64ea4bfcdafe8
    git: https://github.com/DCMLab/haskell-musicology.git
    name: musicology-pitch
    pantry-tree:
      sha256: 109cc0f3af7bbaf0344ceaede3e141294022897d19001dc41ead09dfc9f365e4
      size: 802
    subdir: musicology-pitch
    version: 0.1.0.0
  original:
    commit: 65d86938a507f70f04aa9c72c1b64ea4bfcdafe8
    git: https://github.com/DCMLab/haskell-musicology.git
    subdir: musicology-pitch
- completed:
    commit: 65d86938a507f70f04aa9c72c1b64ea4bfcdafe8
    git: https://github.com/DCMLab/haskell-musicology.git
    name: musicology-time
    pantry-tree:
      sha256: 9e5375b1a8d103420ad4ae9e5b8b30f59eb13e702d77b9c2293ea4e119a493ec
      size: 280
    subdir: musicology-time
    version: 0.1.0.0
  original:
    commit: 65d86938a507f70f04aa9c72c1b64ea4bfcdafe8
    git: https://github.com/DCMLab/haskell-musicology.git
    subdir: musicology-time
- completed:
    commit: 65d86938a507f70f04aa9c72c1b64ea4bfcdafe8
    git: https://github.com/DCMLab/haskell-musicology.git
    name: musicology-core
    pantry-tree:
      sha256: 3d41392d24c2a823f0bb4e6c5a8355ea455da3e6ebd18ec97be5f3c0e06c8e7b
      size: 397
    subdir: musicology-core
    version: 0.1.0.0
  original:
    commit: 65d86938a507f70f04aa9c72c1b64ea4bfcdafe8
    git: https://github.com/DCMLab/haskell-musicology.git
    subdir: musicology-core
- completed:
    commit: 65d86938a507f70f04aa9c72c1b64ea4bfcdafe8
    git: https://github.com/DCMLab/haskell-musicology.git
    name: musicology-musicxml
    pantry-tree:
      sha256: 8a8a6771d25be2ff541250e7358c10721dc78682d9ffec2e9a8bc8af711da639
      size: 592
    subdir: musicology-musicxml
    version: 0.1.0.0
  original:
    commit: 65d86938a507f70f04aa9c72c1b64ea4bfcdafe8
    git: https://github.com/DCMLab/haskell-musicology.git
    subdir: musicology-musicxml
- completed:
    commit: 66cd5d1ffc32b12d3a2d77e70b74eb5ec008fe03
    git: https://github.com/hasktorch/hasktorch.git
    name: libtorch-ffi-helper
    pantry-tree:
      sha256: 432ed58eb96357f575c7a8f14d5733569e9b550f54ce15033d489a26bc2d5cd1
      size: 214
    subdir: libtorch-ffi-helper
    version: 2.0.0.2
  original:
    commit: 66cd5d1ffc32b12d3a2d77e70b74eb5ec008fe03
    git: https://github.com/hasktorch/hasktorch.git
    subdir: libtorch-ffi-helper
- completed:
    commit: 66cd5d1ffc32b12d3a2d77e70b74eb5ec008fe03
    git: https://github.com/hasktorch/hasktorch.git
    name: libtorch-ffi
    pantry-tree:
      sha256: 287ff17223407cb1bf7565351d35a887ad33be41557c9bb498cd8bb51bf87459
      size: 9904
    subdir: libtorch-ffi
    version: 2.0.1.8
  original:
    commit: 66cd5d1ffc32b12d3a2d77e70b74eb5ec008fe03
    git: https://github.com/hasktorch/hasktorch.git
    subdir: libtorch-ffi
- completed:
    commit: 66cd5d1ffc32b12d3a2d77e70b74eb5ec008fe03
    git: https://github.com/hasktorch/hasktorch.git
    name: hasktorch
    pantry-tree:
      sha256: febd4be4d08dfe71f21e2d3c53967a37942879f223b7459b4c80e815a5a2d478
      size: 8603
    subdir: hasktorch
    version: 0.2.1.6
  original:
    commit: 66cd5d1ffc32b12d3a2d77e70b74eb5ec008fe03
    git: https://github.com/hasktorch/hasktorch.git
    subdir: hasktorch
- completed:
    hackage: Chart-gtk-1.9.3@sha256:f85c04ad9b12b1f9e7331724e63222c2b3a74e67707ca733aa771120f24d0175,916
    pantry-tree:
      sha256: 82dddd63023abe54b8d0e8ab6693e8f5d5a7b23cf5b6c47123eacc0b3bdc23ef
      size: 225
  original:
    hackage: Chart-gtk-1.9.3@sha256:f85c04ad9b12b1f9e7331724e63222c2b3a74e67707ca733aa771120f24d0175,916
- completed:
    hackage: Frames-0.7.4.2@sha256:51f42e242535a12cef1fbc1059c3936110489fb098f4f56fcb1e0729eace37be,9493
    pantry-tree:
      sha256: 7cf903f3f3b0311d3aec7597dff4a22b6cfc6c630c719fbc70e37bfbd11c5c21
      size: 4274
  original:
    hackage: Frames-0.7.4.2@sha256:51f42e242535a12cef1fbc1059c3936110489fb098f4f56fcb1e0729eace37be,9493
snapshots:
- completed:
    sha256: 309392e77af949aff34933aff53070c774d274b0f2f7e314df665c0d322c7715
    size: 726103
    url: https://raw.githubusercontent.com/commercialhaskell/stackage-snapshots/master/lts/24/16.yaml
  original: lts-24.16
