# This file was autogenerated by Stack.
# You should not edit this file by hand.
# For more information, please see the documentation at:
#   https://docs.haskellstack.org/en/stable/lock_files

packages:
- completed:
    hackage: Chart-gtk-1.9.3@sha256:f85c04ad9b12b1f9e7331724e63222c2b3a74e67707ca733aa771120f24d0175,916
    pantry-tree:
      sha256: 82dddd63023abe54b8d0e8ab6693e8f5d5a7b23cf5b6c47123eacc0b3bdc23ef
      size: 225
  original:
    hackage: Chart-gtk-1.9.3@sha256:f85c04ad9b12b1f9e7331724e63222c2b3a74e67707ca733aa771120f24d0175,916
- completed:
    commit: 65d86938a507f70f04aa9c72c1b64ea4bfcdafe8
    git: https://github.com/DCMLab/haskell-musicology.git
    name: musicology-pitch
    pantry-tree:
      sha256: 109cc0f3af7bbaf0344ceaede3e141294022897d19001dc41ead09dfc9f365e4
      size: 802
    subdir: musicology-pitch
    version: 0.1.0.0
  original:
    commit: 65d86938a507f70f04aa9c72c1b64ea4bfcdafe8
    git: https://github.com/DCMLab/haskell-musicology.git
    subdir: musicology-pitch
- completed:
    commit: 65d86938a507f70f04aa9c72c1b64ea4bfcdafe8
    git: https://github.com/DCMLab/haskell-musicology.git
    name: musicology-time
    pantry-tree:
      sha256: 9e5375b1a8d103420ad4ae9e5b8b30f59eb13e702d77b9c2293ea4e119a493ec
      size: 280
    subdir: musicology-time
    version: 0.1.0.0
  original:
    commit: 65d86938a507f70f04aa9c72c1b64ea4bfcdafe8
    git: https://github.com/DCMLab/haskell-musicology.git
    subdir: musicology-time
- completed:
    commit: 65d86938a507f70f04aa9c72c1b64ea4bfcdafe8
    git: https://github.com/DCMLab/haskell-musicology.git
    name: musicology-core
    pantry-tree:
      sha256: 3d41392d24c2a823f0bb4e6c5a8355ea455da3e6ebd18ec97be5f3c0e06c8e7b
      size: 397
    subdir: musicology-core
    version: 0.1.0.0
  original:
    commit: 65d86938a507f70f04aa9c72c1b64ea4bfcdafe8
    git: https://github.com/DCMLab/haskell-musicology.git
    subdir: musicology-core
- completed:
    commit: 65d86938a507f70f04aa9c72c1b64ea4bfcdafe8
    git: https://github.com/DCMLab/haskell-musicology.git
    name: musicology-musicxml
    pantry-tree:
      sha256: 8a8a6771d25be2ff541250e7358c10721dc78682d9ffec2e9a8bc8af711da639
      size: 592
    subdir: musicology-musicxml
    version: 0.1.0.0
  original:
    commit: 65d86938a507f70f04aa9c72c1b64ea4bfcdafe8
    git: https://github.com/DCMLab/haskell-musicology.git
    subdir: musicology-musicxml
- completed:
    commit: 541001f880d56fb1762f10d0cfd8f652d97564ec
    git: https://github.com/DCMLab/conjugate-haskell-programs.git
    name: conjugate-programs
    pantry-tree:
      sha256: 7257e88913f4e634139b3f65822ee284601e00a46f7702ac7f2104d055a835fc
      size: 985
    version: 0.1.0.0
  original:
    commit: 541001f880d56fb1762f10d0cfd8f652d97564ec
    git: https://github.com/DCMLab/conjugate-haskell-programs.git
- completed:
    commit: 16b7e3efdd7101f26987f5b88bbe3b150e5a08c8
    git: https://github.com/hasktorch/hasktorch.git
    name: libtorch-ffi-helper
    pantry-tree:
      sha256: 70dba330b77a5b96e44e6a90c13ca7f42cefb47bbc432fa9bb9f19773604f18f
      size: 214
    subdir: libtorch-ffi-helper
    version: 2.0.0.0
  original:
    commit: 16b7e3efdd7101f26987f5b88bbe3b150e5a08c8
    git: https://github.com/hasktorch/hasktorch.git
    subdir: libtorch-ffi-helper
- completed:
    commit: 16b7e3efdd7101f26987f5b88bbe3b150e5a08c8
    git: https://github.com/hasktorch/hasktorch.git
    name: libtorch-ffi
    pantry-tree:
      sha256: 48fe8913d7ed96fd2d650e53f014cd46e29769ee8f9d2e0a2b771b8b905acf61
      size: 9512
    subdir: libtorch-ffi
    version: 2.0.0.0
  original:
    commit: 16b7e3efdd7101f26987f5b88bbe3b150e5a08c8
    git: https://github.com/hasktorch/hasktorch.git
    subdir: libtorch-ffi
- completed:
    commit: 16b7e3efdd7101f26987f5b88bbe3b150e5a08c8
    git: https://github.com/hasktorch/hasktorch.git
    name: hasktorch
    pantry-tree:
      sha256: e8d9e564dd14911fec003a402e17c4281290512f9e36e5deec58318ef5fd3440
      size: 8479
    subdir: hasktorch
    version: 0.2.0.0
  original:
    commit: 16b7e3efdd7101f26987f5b88bbe3b150e5a08c8
    git: https://github.com/hasktorch/hasktorch.git
    subdir: hasktorch
- completed:
    hackage: inline-c-0.9.1.10@sha256:6cf9e1b77dbbda657c382a22ba117114f4fcf44731d63258a269766f6c3027bf,3174
    pantry-tree:
      sha256: 76d3f9598653850382463b56418b7c205e97d8bccb7b52d2aed550712a2cb688
      size: 1309
  original:
    hackage: inline-c-0.9.1.10@sha256:6cf9e1b77dbbda657c382a22ba117114f4fcf44731d63258a269766f6c3027bf,3174
- completed:
    hackage: inline-c-cpp-0.5.0.2@sha256:2c6ddef649dcb74ff08b57a0ce6e7cf5f1ef39d59bb4848f122ce14bd139ce54,4257
    pantry-tree:
      sha256: f8dba85601ed525f2900959494f5d1c6b705a54a9a9e10252a253f5d65bd02fc
      size: 960
  original:
    hackage: inline-c-cpp-0.5.0.2@sha256:2c6ddef649dcb74ff08b57a0ce6e7cf5f1ef39d59bb4848f122ce14bd139ce54,4257
- completed:
    hackage: Frames-0.7.4.2@sha256:51f42e242535a12cef1fbc1059c3936110489fb098f4f56fcb1e0729eace37be,9493
    pantry-tree:
      sha256: 7cf903f3f3b0311d3aec7597dff4a22b6cfc6c630c719fbc70e37bfbd11c5c21
      size: 4274
  original:
    hackage: Frames-0.7.4.2@sha256:51f42e242535a12cef1fbc1059c3936110489fb098f4f56fcb1e0729eace37be,9493
- completed:
    hackage: readable-0.3.1@sha256:ea550740bbee9ae46c6bbf1c5e5185818a1d37509b855c640b0a7f2dfba6dc37,1121
    pantry-tree:
      sha256: a93d2c4e208cf064a8b1e8087d7a8ea77c263115e7ba18f3ef6abe935548faca
      size: 313
  original:
    hackage: readable-0.3.1@sha256:ea550740bbee9ae46c6bbf1c5e5185818a1d37509b855c640b0a7f2dfba6dc37,1121
snapshots:
- completed:
    sha256: 4be1ca5d31689b524a7f0f17a439bbe9136465213edc498e9a395899a670f2aa
    size: 718486
    url: https://raw.githubusercontent.com/commercialhaskell/stackage-snapshots/master/lts/22/22.yaml
  original: lts-22.22
